<?xml version="1.0" encoding="utf-8"?>
<Project ToolsVersion="4.0" xmlns="http://schemas.microsoft.com/developer/msbuild/2003">
  <ItemGroup>
    <Filter Include="Source Files">
      <UniqueIdentifier>{4FC737F1-C7A5-4376-A066-2A32D752A2FF}</UniqueIdentifier>
      <Extensions>cpp;c;cc;cxx;c++;cppm;ixx;def;odl;idl;hpj;bat;asm;asmx</Extensions>
    </Filter>
    <Filter Include="Header Files">
      <UniqueIdentifier>{93995380-89BD-4b04-88EB-625FBE52EBFB}</UniqueIdentifier>
      <Extensions>h;hh;hpp;hxx;h++;hm;inl;inc;ipp;xsd</Extensions>
    </Filter>
    <Filter Include="Resource Files">
      <UniqueIdentifier>{67DA6AB6-F800-4c08-8B7A-83BB121AAD01}</UniqueIdentifier>
      <Extensions>rc;ico;cur;bmp;dlg;rc2;rct;bin;rgs;gif;jpg;jpeg;jpe;resx;tiff;tif;png;wav;mfcribbon-ms</Extensions>
    </Filter>
  </ItemGroup>
  <ItemGroup>
    <ClCompile Include="src\GameManagers\Application.cpp">
      <Filter>Source Files</Filter>
    </ClCompile>
    <ClCompile Include="src\GameObjects\logics\Collision.cpp">
      <Filter>Source Files</Filter>
    </ClCompile>
    <ClCompile Include="src\GameObjects\logics\Physics.cpp">
      <Filter>Source Files</Filter>
    </ClCompile>
    <ClCompile Include="src\main.cpp">
      <Filter>Source Files</Filter>
    </ClCompile>
    <ClCompile Include="src\GameObjects\player\Samurai.cpp">
      <Filter>Source Files</Filter>
    </ClCompile>
    <ClCompile Include="src\GameObjects\player\PlayerSkill.cpp">
      <Filter>Source Files</Filter>
    </ClCompile>
    <ClCompile Include="src\GameObjects\player\Character.cpp">
      <Filter>Source Files</Filter>
    </ClCompile>
    <ClCompile Include="src\GameObjects\spectaculars\Floor.cpp">
      <Filter>Source Files</Filter>
    </ClCompile>
    <ClCompile Include="src\GameManagers\gamestates\MenuGameState.cpp">
      <Filter>Source Files</Filter>
    </ClCompile>
    <ClCompile Include="src\GameManagers\gamebuttons\Button.cpp">
      <Filter>Source Files</Filter>
    </ClCompile>
    <ClCompile Include="src\GameObjects\player\playerstates\AttackOneState.cpp">
      <Filter>Source Files</Filter>
    </ClCompile>
    <ClCompile Include="src\GameObjects\player\playerstates\AttackThreeState.cpp">
      <Filter>Source Files</Filter>
    </ClCompile>
    <ClCompile Include="src\GameObjects\player\playerstates\AttackTwoState.cpp">
      <Filter>Source Files</Filter>
    </ClCompile>
    <ClCompile Include="src\GameObjects\player\playerstates\IdleState.cpp">
      <Filter>Source Files</Filter>
    </ClCompile>
    <ClCompile Include="src\GameObjects\player\playerstates\IPlayerState.cpp">
      <Filter>Source Files</Filter>
    </ClCompile>
    <ClCompile Include="src\GameObjects\player\playerstates\JumpState.cpp">
      <Filter>Source Files</Filter>
    </ClCompile>
    <ClCompile Include="src\GameObjects\player\playerstates\RunState.cpp">
      <Filter>Source Files</Filter>
    </ClCompile>
    <ClCompile Include="src\GameObjects\player\playerstates\ShieldState.cpp">
      <Filter>Source Files</Filter>
    </ClCompile>
    <ClCompile Include="src\GameObjects\player\playerstates\WalkState.cpp">
      <Filter>Source Files</Filter>
    </ClCompile>
    <ClCompile Include="src\GameObjects\Hitbox.cpp">
      <Filter>Source Files</Filter>
    </ClCompile>
    <ClCompile Include="src\GameManagers\Resource.cpp">
      <Filter>Source Files</Filter>
    </ClCompile>
    <ClCompile Include="src\GameManagers\GameManager.cpp">
      <Filter>Source Files</Filter>
    </ClCompile>
    <ClCompile Include="src\GameManagers\Camera.cpp">
      <Filter>Source Files</Filter>
    </ClCompile>
  </ItemGroup>
  <ItemGroup>
    <ClInclude Include="src\GameManagers\Application.h">
      <Filter>Header Files</Filter>
    </ClInclude>
    <ClInclude Include="src\GameManagers\ApplicationConfig.h">
      <Filter>Header Files</Filter>
    </ClInclude>
    <ClInclude Include="src\GameManagers\Resource.h">
      <Filter>Header Files</Filter>
    </ClInclude>
    <ClInclude Include="src\GameManagers\Singleton.h">
      <Filter>Header Files</Filter>
    </ClInclude>
    <ClInclude Include="src\GameObjects\logics\Collision.h">
      <Filter>Header Files</Filter>
    </ClInclude>
    <ClInclude Include="src\GameObjects\logics\Physics.h">
      <Filter>Header Files</Filter>
    </ClInclude>
    <ClInclude Include="src\GameObjects\player\Samurai.h">
      <Filter>Header Files</Filter>
    </ClInclude>
    <ClInclude Include="src\GameObjects\player\PlayerSkill.h">
      <Filter>Header Files</Filter>
    </ClInclude>
    <ClInclude Include="src\GameObjects\player\Character.h">
      <Filter>Header Files</Filter>
    </ClInclude>
    <ClInclude Include="src\GameObjects\spectaculars\Floor.h">
      <Filter>Header Files</Filter>
    </ClInclude>
    <ClInclude Include="src\GameManagers\gamestates\IGameState.h">
      <Filter>Header Files</Filter>
    </ClInclude>
    <ClInclude Include="src\GameManagers\gamestates\MenuGameState.h">
      <Filter>Header Files</Filter>
    </ClInclude>
    <ClInclude Include="src\GameManagers\gamebuttons\Button.h">
      <Filter>Header Files</Filter>
    </ClInclude>
    <ClInclude Include="src\GameObjects\player\PlayerConfigState.h">
      <Filter>Header Files</Filter>
    </ClInclude>
    <ClInclude Include="src\GameObjects\player\playerstates\AttackOneState.h">
      <Filter>Header Files</Filter>
    </ClInclude>
    <ClInclude Include="src\GameObjects\player\playerstates\AttackThreeState.h">
      <Filter>Header Files</Filter>
    </ClInclude>
    <ClInclude Include="src\GameObjects\player\playerstates\AttackTwoState.h">
      <Filter>Header Files</Filter>
    </ClInclude>
    <ClInclude Include="src\GameObjects\player\playerstates\IdleState.h">
      <Filter>Header Files</Filter>
    </ClInclude>
    <ClInclude Include="src\GameObjects\player\playerstates\IPlayerState.h">
      <Filter>Header Files</Filter>
    </ClInclude>
    <ClInclude Include="src\GameObjects\player\playerstates\JumpState.h">
      <Filter>Header Files</Filter>
    </ClInclude>
    <ClInclude Include="src\GameObjects\player\playerstates\RunState.h">
      <Filter>Header Files</Filter>
    </ClInclude>
    <ClInclude Include="src\GameObjects\player\playerstates\ShieldState.h">
      <Filter>Header Files</Filter>
    </ClInclude>
    <ClInclude Include="src\GameObjects\player\playerstates\WalkState.h">
      <Filter>Header Files</Filter>
    </ClInclude>
    <ClInclude Include="src\GameObjects\player\playerstates\PlayerConfigState.h">
      <Filter>Header Files</Filter>
    </ClInclude>
    <ClInclude Include="src\GameObjects\Hitbox.h">
      <Filter>Header Files</Filter>
    </ClInclude>
    <ClInclude Include="src\GameManagers\GameManager.h">
      <Filter>Header Files</Filter>
    </ClInclude>
    <ClInclude Include="src\GameManagers\Camera.h">
      <Filter>Header Files</Filter>
    </ClInclude>
    <ClInclude Include="src\GameManagers\gamebuttons\ButtonConfig.h">
      <Filter>Header Files</Filter>
    </ClInclude>
  </ItemGroup>
  <ItemGroup>
    <None Include=".gitignore" />
    <None Include="LICENSE" />
    <None Include="openal32.dll" />
    <None Include="README.md" />
    <None Include="sfml-audio-2.dll" />
    <None Include="sfml-audio-d-2.dll" />
    <None Include="sfml-graphics-2.dll" />
    <None Include="sfml-graphics-d-2.dll" />
    <None Include="sfml-network-2.dll" />
    <None Include="sfml-network-d-2.dll" />
    <None Include="sfml-system-2.dll" />
    <None Include="sfml-system-d-2.dll" />
    <None Include="sfml-window-2.dll" />
    <None Include="sfml-window-d-2.dll" />
  </ItemGroup>
</Project>